
Microsoft Visual Studio Solution File, Format Version 12.00
# Visual Studio Version 16
VisualStudioVersion = 16.0.29324.140
MinimumVisualStudioVersion = 10.0.40219.1
Project("{FAE04EC0-301F-11D3-BF4B-00C04F79EFBC}") = "Calculator", "Calculator\Calculator.csproj", "{AE43CDB7-82DB-4732-B949-2B357B3CBF4B}"
EndProject
Global
	GlobalSection(SolutionConfigurationPlatforms) = preSolution
		Debug|Any CPU = Debug|Any CPU
		Release|Any CPU = Release|Any CPU
	EndGlobalSection
	GlobalSection(ProjectConfigurationPlatforms) = postSolution
		{AE43CDB7-82DB-4732-B949-2B357B3CBF4B}.Debug|Any CPU.ActiveCfg = Debug|Any CPU
		{AE43CDB7-82DB-4732-B949-2B357B3CBF4B}.Debug|Any CPU.Build.0 = Debug|Any CPU
		{AE43CDB7-82DB-4732-B949-2B357B3CBF4B}.Release|Any CPU.ActiveCfg = Release|Any CPU
		{AE43CDB7-82DB-4732-B949-2B357B3CBF4B}.Release|Any CPU.Build.0 = Release|Any CPU
	EndGlobalSection
	GlobalSection(SolutionProperties) = preSolution
		HideSolutionNode = FALSE
	EndGlobalSection
	GlobalSection(ExtensibilityGlobals) = postSolution
		SolutionGuid = {341AB5CF-B573-4097-B715-54F78E7FAED4}
	EndGlobalSection
EndGlobal
